
Microsoft Visual Studio Solution File, Format Version 12.00
# Visual Studio Version 16
VisualStudioVersion = 16.0.30413.136
MinimumVisualStudioVersion = 10.0.40219.1
Project("{FAE04EC0-301F-11D3-BF4B-00C04F79EFBC}") = "OOP", "OOP\OOP.csproj", "{AE419870-C876-4B0A-8283-F0E8C01F386F}"
EndProject
Global
	GlobalSection(SolutionConfigurationPlatforms) = preSolution
		Debug|Any CPU = Debug|Any CPU
		Release|Any CPU = Release|Any CPU
	EndGlobalSection
	GlobalSection(ProjectConfigurationPlatforms) = postSolution
		{AE419870-C876-4B0A-8283-F0E8C01F386F}.Debug|Any CPU.ActiveCfg = Debug|Any CPU
		{AE419870-C876-4B0A-8283-F0E8C01F386F}.Debug|Any CPU.Build.0 = Debug|Any CPU
		{AE419870-C876-4B0A-8283-F0E8C01F386F}.Release|Any CPU.ActiveCfg = Release|Any CPU
		{AE419870-C876-4B0A-8283-F0E8C01F386F}.Release|Any CPU.Build.0 = Release|Any CPU
	EndGlobalSection
	GlobalSection(SolutionProperties) = preSolution
		HideSolutionNode = FALSE
	EndGlobalSection
	GlobalSection(ExtensibilityGlobals) = postSolution
		SolutionGuid = {CD8043CA-D956-4A82-99A4-6F23962A2F3E}
	EndGlobalSection
EndGlobal
